// !$*UTF8*$!
{
	archiveVersion = 1;
	classes = {
	};
	objectVersion = 51;
	objects = {

/* Begin PBXBuildFile section */
		56D8D48F24C49BD200C3194D /* RealmService.swift in Sources */ = {isa = PBXBuildFile; fileRef = 56D8D48E24C49BD200C3194D /* RealmService.swift */; };
		56D8D49124C49C6B00C3194D /* Base.swift in Sources */ = {isa = PBXBuildFile; fileRef = 56D8D49024C49C6B00C3194D /* Base.swift */; };
		56D8D49324C4D70F00C3194D /* RealmTransaction.swift in Sources */ = {isa = PBXBuildFile; fileRef = 56D8D49224C4D70F00C3194D /* RealmTransaction.swift */; };
		56D8D49524C4D7E400C3194D /* RealmCategory.swift in Sources */ = {isa = PBXBuildFile; fileRef = 56D8D49424C4D7E400C3194D /* RealmCategory.swift */; };
		56D8D49724C4D7F800C3194D /* RealmBudget.swift in Sources */ = {isa = PBXBuildFile; fileRef = 56D8D49624C4D7F800C3194D /* RealmBudget.swift */; };
		56D8D49924C4DBE400C3194D /* RealmGoal.swift in Sources */ = {isa = PBXBuildFile; fileRef = 56D8D49824C4DBE400C3194D /* RealmGoal.swift */; };
		56D8D49B24C4E20D00C3194D /* ProjectsCell.swift in Sources */ = {isa = PBXBuildFile; fileRef = 56D8D49A24C4E20D00C3194D /* ProjectsCell.swift */; };
		56D8D49D24C4E30200C3194D /* ActionsCell.swift in Sources */ = {isa = PBXBuildFile; fileRef = 56D8D49C24C4E30200C3194D /* ActionsCell.swift */; };
		56D8D49F24C4E38700C3194D /* ProjectCVCell.swift in Sources */ = {isa = PBXBuildFile; fileRef = 56D8D49E24C4E38700C3194D /* ProjectCVCell.swift */; };
		56D8D4A324C4E42600C3194D /* RealmAction.swift in Sources */ = {isa = PBXBuildFile; fileRef = 56D8D4A224C4E42600C3194D /* RealmAction.swift */; };
		56D8D4A524C4E4C200C3194D /* RealmProject.swift in Sources */ = {isa = PBXBuildFile; fileRef = 56D8D4A424C4E4C200C3194D /* RealmProject.swift */; };
		56D8D4A724C4E70700C3194D /* AddProjectCVCell.swift in Sources */ = {isa = PBXBuildFile; fileRef = 56D8D4A624C4E70700C3194D /* AddProjectCVCell.swift */; };
		840F2DA824CEAB1E005CA412 /* ETBudgetCell.swift in Sources */ = {isa = PBXBuildFile; fileRef = 840F2DA724CEAB1E005CA412 /* ETBudgetCell.swift */; };
		840F2DAA24CEB8DE005CA412 /* ETPickerCell.swift in Sources */ = {isa = PBXBuildFile; fileRef = 840F2DA924CEB8DE005CA412 /* ETPickerCell.swift */; };
		840F2DAC24CECABA005CA412 /* ETBudgetPickerCell.swift in Sources */ = {isa = PBXBuildFile; fileRef = 840F2DAB24CECABA005CA412 /* ETBudgetPickerCell.swift */; };
		8416E83B24C7E23F00DB0C0C /* AddDreamsVC.swift in Sources */ = {isa = PBXBuildFile; fileRef = 8416E83A24C7E23F00DB0C0C /* AddDreamsVC.swift */; };
		8416E83D24C7E2BB00DB0C0C /* EditDreamsVC.swift in Sources */ = {isa = PBXBuildFile; fileRef = 8416E83C24C7E2BB00DB0C0C /* EditDreamsVC.swift */; };
		8416E83F24C7E34600DB0C0C /* DreamCell.swift in Sources */ = {isa = PBXBuildFile; fileRef = 8416E83E24C7E34600DB0C0C /* DreamCell.swift */; };
		8416E84124C7E36200DB0C0C /* FocusedDreamCell.swift in Sources */ = {isa = PBXBuildFile; fileRef = 8416E84024C7E36200DB0C0C /* FocusedDreamCell.swift */; };
		8416E84224C7F7A400DB0C0C /* Dreams.storyboard in Resources */ = {isa = PBXBuildFile; fileRef = 8416E84424C7F7A400DB0C0C /* Dreams.storyboard */; };
		841BDABF24BCC4330096BF68 /* Projects.storyboard in Resources */ = {isa = PBXBuildFile; fileRef = 841BDABE24BCC4330096BF68 /* Projects.storyboard */; };
		843688BB24BCC0A500793B2B /* AppDelegate.swift in Sources */ = {isa = PBXBuildFile; fileRef = 843688BA24BCC0A500793B2B /* AppDelegate.swift */; };
		843688BD24BCC0A500793B2B /* SceneDelegate.swift in Sources */ = {isa = PBXBuildFile; fileRef = 843688BC24BCC0A500793B2B /* SceneDelegate.swift */; };
		843688C224BCC0A500793B2B /* Main.storyboard in Resources */ = {isa = PBXBuildFile; fileRef = 843688C024BCC0A500793B2B /* Main.storyboard */; };
		843688C424BCC0A800793B2B /* Assets.xcassets in Resources */ = {isa = PBXBuildFile; fileRef = 843688C324BCC0A800793B2B /* Assets.xcassets */; };
		843688C724BCC0A800793B2B /* LaunchScreen.storyboard in Resources */ = {isa = PBXBuildFile; fileRef = 843688C524BCC0A800793B2B /* LaunchScreen.storyboard */; };
		843B29BB24C49F7B00A7E87A /* ETDeleteCell.swift in Sources */ = {isa = PBXBuildFile; fileRef = 843B29BA24C49F7B00A7E87A /* ETDeleteCell.swift */; };
		843CBCEA24C508E6005E8562 /* History.storyboard in Resources */ = {isa = PBXBuildFile; fileRef = 843CBCEC24C508E6005E8562 /* History.storyboard */; };
		843CBCF324C51142005E8562 /* Localizable.strings in Resources */ = {isa = PBXBuildFile; fileRef = 843CBCF524C51142005E8562 /* Localizable.strings */; };
		843D056D24BDFD2200DF7EFF /* Category.swift in Sources */ = {isa = PBXBuildFile; fileRef = 843D056C24BDFD2200DF7EFF /* Category.swift */; };
		843D056F24BE026200DF7EFF /* CategoryCell.swift in Sources */ = {isa = PBXBuildFile; fileRef = 843D056E24BE026100DF7EFF /* CategoryCell.swift */; };
		843D057124BE03C800DF7EFF /* CategoryCollectionVC.swift in Sources */ = {isa = PBXBuildFile; fileRef = 843D057024BE03C800DF7EFF /* CategoryCollectionVC.swift */; };
		8447A83324BCCAE8005F448B /* BudgetVC.swift in Sources */ = {isa = PBXBuildFile; fileRef = 8447A83224BCCAE8005F448B /* BudgetVC.swift */; };
		8447A83524BCCB04005F448B /* ProjectsVC.swift in Sources */ = {isa = PBXBuildFile; fileRef = 8447A83424BCCB04005F448B /* ProjectsVC.swift */; };
		8447A83924BCCB27005F448B /* DreamsVC.swift in Sources */ = {isa = PBXBuildFile; fileRef = 8447A83824BCCB27005F448B /* DreamsVC.swift */; };
		8447A83D24BCD990005F448B /* BudgetPVC.swift in Sources */ = {isa = PBXBuildFile; fileRef = 8447A83C24BCD990005F448B /* BudgetPVC.swift */; };
		8447A83F24BCD9E3005F448B /* BudgetItem.swift in Sources */ = {isa = PBXBuildFile; fileRef = 8447A83E24BCD9E3005F448B /* BudgetItem.swift */; };
		8447A84124BCDBDE005F448B /* BudgetItemDataVC.swift in Sources */ = {isa = PBXBuildFile; fileRef = 8447A84024BCDBDE005F448B /* BudgetItemDataVC.swift */; };
		84899CDE24BE5375000B2B65 /* ManageCategoriesCell.swift in Sources */ = {isa = PBXBuildFile; fileRef = 84899CDD24BE5375000B2B65 /* ManageCategoriesCell.swift */; };
		84961BCF24CCFF64007B73BA /* AppIconTVC.swift in Sources */ = {isa = PBXBuildFile; fileRef = 84961BCE24CCFF64007B73BA /* AppIconTVC.swift */; };
		84B35FA124C1E9AD008FD1CE /* HistoryVC.swift in Sources */ = {isa = PBXBuildFile; fileRef = 84B35FA024C1E9AD008FD1CE /* HistoryVC.swift */; };
		84B35FA324C1FB9F008FD1CE /* GroupedSection.swift in Sources */ = {isa = PBXBuildFile; fileRef = 84B35FA224C1FB9E008FD1CE /* GroupedSection.swift */; };
		84B35FA524C1FE48008FD1CE /* TransactionCell.swift in Sources */ = {isa = PBXBuildFile; fileRef = 84B35FA424C1FE48008FD1CE /* TransactionCell.swift */; };
		84B4812C24D33BD600223B5C /* AppIconBlue@3x.png in Resources */ = {isa = PBXBuildFile; fileRef = 84B4812424D33BD500223B5C /* AppIconBlue@3x.png */; };
		84B4812D24D33BD600223B5C /* AppIconBlack@2x.png in Resources */ = {isa = PBXBuildFile; fileRef = 84B4812524D33BD500223B5C /* AppIconBlack@2x.png */; };
		84B4812E24D33BD600223B5C /* AppIconYellow@2x.png in Resources */ = {isa = PBXBuildFile; fileRef = 84B4812624D33BD500223B5C /* AppIconYellow@2x.png */; };
		84B4812F24D33BD600223B5C /* AppIconYellow@3x.png in Resources */ = {isa = PBXBuildFile; fileRef = 84B4812724D33BD500223B5C /* AppIconYellow@3x.png */; };
		84B4813024D33BD600223B5C /* AppIconRed@3x.png in Resources */ = {isa = PBXBuildFile; fileRef = 84B4812824D33BD500223B5C /* AppIconRed@3x.png */; };
		84B4813124D33BD600223B5C /* AppIconRed@2x.png in Resources */ = {isa = PBXBuildFile; fileRef = 84B4812924D33BD500223B5C /* AppIconRed@2x.png */; };
		84B4813224D33BD600223B5C /* AppIconBlue@2x.png in Resources */ = {isa = PBXBuildFile; fileRef = 84B4812A24D33BD600223B5C /* AppIconBlue@2x.png */; };
		84B4813324D33BD600223B5C /* AppIconBlack@3x.png in Resources */ = {isa = PBXBuildFile; fileRef = 84B4812B24D33BD600223B5C /* AppIconBlack@3x.png */; };
		84B4813524D34DD300223B5C /* DevelopersTVC.swift in Sources */ = {isa = PBXBuildFile; fileRef = 84B4813424D34DD300223B5C /* DevelopersTVC.swift */; };
		84B4813724D34E0300223B5C /* CurrencyTVC.swift in Sources */ = {isa = PBXBuildFile; fileRef = 84B4813624D34E0300223B5C /* CurrencyTVC.swift */; };
		84BEDBE624C3C62A00792F93 /* NewCategoryCell.swift in Sources */ = {isa = PBXBuildFile; fileRef = 84BEDBE524C3C62A00792F93 /* NewCategoryCell.swift */; };
		84BEDBE824C3CF6200792F93 /* EditableCategoryCell.swift in Sources */ = {isa = PBXBuildFile; fileRef = 84BEDBE724C3CF6200792F93 /* EditableCategoryCell.swift */; };
		84BEDBEA24C3DBAB00792F93 /* NewEarningCell.swift in Sources */ = {isa = PBXBuildFile; fileRef = 84BEDBE924C3DBAB00792F93 /* NewEarningCell.swift */; };
		84BEDBEC24C408D400792F93 /* EditTransactionVC.swift in Sources */ = {isa = PBXBuildFile; fileRef = 84BEDBEB24C408D400792F93 /* EditTransactionVC.swift */; };
		84BEDBEE24C469B400792F93 /* ETCategoryCell.swift in Sources */ = {isa = PBXBuildFile; fileRef = 84BEDBED24C469B400792F93 /* ETCategoryCell.swift */; };
		84BEDBF224C46A3700792F93 /* ETNumberCell.swift in Sources */ = {isa = PBXBuildFile; fileRef = 84BEDBF124C46A3700792F93 /* ETNumberCell.swift */; };
		84BEDBF424C46A4700792F93 /* ETDateCell.swift in Sources */ = {isa = PBXBuildFile; fileRef = 84BEDBF324C46A4600792F93 /* ETDateCell.swift */; };
		84C53E3D24CCFC4B0043CEB8 /* SettingsTVC.swift in Sources */ = {isa = PBXBuildFile; fileRef = 84C53E3C24CCFC4B0043CEB8 /* SettingsTVC.swift */; };
		84C730FB24CF719D00FE003D /* ETDatePickerCell.swift in Sources */ = {isa = PBXBuildFile; fileRef = 84C730FA24CF719D00FE003D /* ETDatePickerCell.swift */; };
		84C730FD24CF8F5F00FE003D /* Settings.swift in Sources */ = {isa = PBXBuildFile; fileRef = 84C730FC24CF8F5F00FE003D /* Settings.swift */; };
		84E38BF124C76AEC00FF5CC1 /* DashedBorder.swift in Sources */ = {isa = PBXBuildFile; fileRef = 84E38BF024C76AEC00FF5CC1 /* DashedBorder.swift */; };
		84E4C73C24BEF882006E3D0A /* ManageCategoriesVC.swift in Sources */ = {isa = PBXBuildFile; fileRef = 84E4C73B24BEF882006E3D0A /* ManageCategoriesVC.swift */; };
		84FD159F24C61A1F003CEF78 /* Interface.storyboard in Resources */ = {isa = PBXBuildFile; fileRef = 84FD159D24C61A1F003CEF78 /* Interface.storyboard */; };
		84FD15A124C61A23003CEF78 /* Assets.xcassets in Resources */ = {isa = PBXBuildFile; fileRef = 84FD15A024C61A23003CEF78 /* Assets.xcassets */; };
		84FD15A824C61A23003CEF78 /* Dream Price Companion Extension.appex in Embed App Extensions */ = {isa = PBXBuildFile; fileRef = 84FD15A724C61A23003CEF78 /* Dream Price Companion Extension.appex */; settings = {ATTRIBUTES = (RemoveHeadersOnCopy, ); }; };
		84FD15AD24C61A23003CEF78 /* InterfaceController.swift in Sources */ = {isa = PBXBuildFile; fileRef = 84FD15AC24C61A23003CEF78 /* InterfaceController.swift */; };
		84FD15AF24C61A23003CEF78 /* ExtensionDelegate.swift in Sources */ = {isa = PBXBuildFile; fileRef = 84FD15AE24C61A23003CEF78 /* ExtensionDelegate.swift */; };
		84FD15B124C61A23003CEF78 /* NotificationController.swift in Sources */ = {isa = PBXBuildFile; fileRef = 84FD15B024C61A23003CEF78 /* NotificationController.swift */; };
		84FD15B324C61A23003CEF78 /* ComplicationController.swift in Sources */ = {isa = PBXBuildFile; fileRef = 84FD15B224C61A23003CEF78 /* ComplicationController.swift */; };
		84FD15B524C61A25003CEF78 /* Assets.xcassets in Resources */ = {isa = PBXBuildFile; fileRef = 84FD15B424C61A25003CEF78 /* Assets.xcassets */; };
		84FD15BA24C61A25003CEF78 /* Dream Price Companion.app in Embed Watch Content */ = {isa = PBXBuildFile; fileRef = 84FD159B24C61A1F003CEF78 /* Dream Price Companion.app */; settings = {ATTRIBUTES = (RemoveHeadersOnCopy, ); }; };
		84FD161024C63AD0003CEF78 /* ValueChangeIC.swift in Sources */ = {isa = PBXBuildFile; fileRef = 84FD160F24C63AD0003CEF78 /* ValueChangeIC.swift */; };
		84FD161224C646DA003CEF78 /* BudgetCell.swift in Sources */ = {isa = PBXBuildFile; fileRef = 84FD161124C646DA003CEF78 /* BudgetCell.swift */; };
		84FD161624C65734003CEF78 /* CategoryIC.swift in Sources */ = {isa = PBXBuildFile; fileRef = 84FD161524C65734003CEF78 /* CategoryIC.swift */; };
		84FD161A24C65AB8003CEF78 /* CategoryRow.swift in Sources */ = {isa = PBXBuildFile; fileRef = 84FD161924C65AB8003CEF78 /* CategoryRow.swift */; };
		84FD161C24C66323003CEF78 /* TransactionIC.swift in Sources */ = {isa = PBXBuildFile; fileRef = 84FD161B24C66323003CEF78 /* TransactionIC.swift */; };
		A8B42966B8E95C52767D58D5 /* Pods_Dream_Price.framework in Frameworks */ = {isa = PBXBuildFile; fileRef = 6C95879CF6685A037493194E /* Pods_Dream_Price.framework */; };
/* End PBXBuildFile section */

/* Begin PBXContainerItemProxy section */
		84FD15A924C61A23003CEF78 /* PBXContainerItemProxy */ = {
			isa = PBXContainerItemProxy;
			containerPortal = 843688AF24BCC0A500793B2B /* Project object */;
			proxyType = 1;
			remoteGlobalIDString = 84FD15A624C61A23003CEF78;
			remoteInfo = "Dream Price Companion Extension";
		};
		84FD15B824C61A25003CEF78 /* PBXContainerItemProxy */ = {
			isa = PBXContainerItemProxy;
			containerPortal = 843688AF24BCC0A500793B2B /* Project object */;
			proxyType = 1;
			remoteGlobalIDString = 84FD159A24C61A1F003CEF78;
			remoteInfo = "Dream Price Companion";
		};
/* End PBXContainerItemProxy section */

/* Begin PBXCopyFilesBuildPhase section */
		84FD15BB24C61A25003CEF78 /* Embed Watch Content */ = {
			isa = PBXCopyFilesBuildPhase;
			buildActionMask = 2147483647;
			dstPath = "$(CONTENTS_FOLDER_PATH)/Watch";
			dstSubfolderSpec = 16;
			files = (
				84FD15BA24C61A25003CEF78 /* Dream Price Companion.app in Embed Watch Content */,
			);
			name = "Embed Watch Content";
			runOnlyForDeploymentPostprocessing = 0;
		};
		84FD15BE24C61A25003CEF78 /* Embed App Extensions */ = {
			isa = PBXCopyFilesBuildPhase;
			buildActionMask = 2147483647;
			dstPath = "";
			dstSubfolderSpec = 13;
			files = (
				84FD15A824C61A23003CEF78 /* Dream Price Companion Extension.appex in Embed App Extensions */,
			);
			name = "Embed App Extensions";
			runOnlyForDeploymentPostprocessing = 0;
		};
/* End PBXCopyFilesBuildPhase section */

/* Begin PBXFileReference section */
		56D8D48E24C49BD200C3194D /* RealmService.swift */ = {isa = PBXFileReference; lastKnownFileType = sourcecode.swift; path = RealmService.swift; sourceTree = "<group>"; };
		56D8D49024C49C6B00C3194D /* Base.swift */ = {isa = PBXFileReference; lastKnownFileType = sourcecode.swift; path = Base.swift; sourceTree = "<group>"; };
		56D8D49224C4D70F00C3194D /* RealmTransaction.swift */ = {isa = PBXFileReference; lastKnownFileType = sourcecode.swift; name = RealmTransaction.swift; path = "Dream Price/RealmTransaction.swift"; sourceTree = SOURCE_ROOT; };
		56D8D49424C4D7E400C3194D /* RealmCategory.swift */ = {isa = PBXFileReference; lastKnownFileType = sourcecode.swift; name = RealmCategory.swift; path = "Dream Price/RealmCategory.swift"; sourceTree = SOURCE_ROOT; };
		56D8D49624C4D7F800C3194D /* RealmBudget.swift */ = {isa = PBXFileReference; lastKnownFileType = sourcecode.swift; name = RealmBudget.swift; path = "Dream Price/RealmBudget.swift"; sourceTree = SOURCE_ROOT; };
		56D8D49824C4DBE400C3194D /* RealmGoal.swift */ = {isa = PBXFileReference; lastKnownFileType = sourcecode.swift; name = RealmGoal.swift; path = "Dream Price/RealmGoal.swift"; sourceTree = SOURCE_ROOT; };
		56D8D49A24C4E20D00C3194D /* ProjectsCell.swift */ = {isa = PBXFileReference; lastKnownFileType = sourcecode.swift; path = ProjectsCell.swift; sourceTree = "<group>"; };
		56D8D49C24C4E30200C3194D /* ActionsCell.swift */ = {isa = PBXFileReference; lastKnownFileType = sourcecode.swift; path = ActionsCell.swift; sourceTree = "<group>"; };
		56D8D49E24C4E38700C3194D /* ProjectCVCell.swift */ = {isa = PBXFileReference; lastKnownFileType = sourcecode.swift; path = ProjectCVCell.swift; sourceTree = "<group>"; };
		56D8D4A224C4E42600C3194D /* RealmAction.swift */ = {isa = PBXFileReference; lastKnownFileType = sourcecode.swift; name = RealmAction.swift; path = "Dream Price/Realm/RealmAction.swift"; sourceTree = SOURCE_ROOT; };
		56D8D4A424C4E4C200C3194D /* RealmProject.swift */ = {isa = PBXFileReference; lastKnownFileType = sourcecode.swift; name = RealmProject.swift; path = "Dream Price/Realm/RealmProject.swift"; sourceTree = SOURCE_ROOT; };
		56D8D4A624C4E70700C3194D /* AddProjectCVCell.swift */ = {isa = PBXFileReference; lastKnownFileType = sourcecode.swift; path = AddProjectCVCell.swift; sourceTree = "<group>"; };
		6C95879CF6685A037493194E /* Pods_Dream_Price.framework */ = {isa = PBXFileReference; explicitFileType = wrapper.framework; includeInIndex = 0; path = Pods_Dream_Price.framework; sourceTree = BUILT_PRODUCTS_DIR; };
		840F2DA724CEAB1E005CA412 /* ETBudgetCell.swift */ = {isa = PBXFileReference; lastKnownFileType = sourcecode.swift; path = ETBudgetCell.swift; sourceTree = "<group>"; };
		840F2DA924CEB8DE005CA412 /* ETPickerCell.swift */ = {isa = PBXFileReference; lastKnownFileType = sourcecode.swift; path = ETPickerCell.swift; sourceTree = "<group>"; };
		840F2DAB24CECABA005CA412 /* ETBudgetPickerCell.swift */ = {isa = PBXFileReference; lastKnownFileType = sourcecode.swift; path = ETBudgetPickerCell.swift; sourceTree = "<group>"; };
		8416E83A24C7E23F00DB0C0C /* AddDreamsVC.swift */ = {isa = PBXFileReference; lastKnownFileType = sourcecode.swift; path = AddDreamsVC.swift; sourceTree = "<group>"; };
		8416E83C24C7E2BB00DB0C0C /* EditDreamsVC.swift */ = {isa = PBXFileReference; lastKnownFileType = sourcecode.swift; path = EditDreamsVC.swift; sourceTree = "<group>"; };
		8416E83E24C7E34600DB0C0C /* DreamCell.swift */ = {isa = PBXFileReference; lastKnownFileType = sourcecode.swift; path = DreamCell.swift; sourceTree = "<group>"; };
		8416E84024C7E36200DB0C0C /* FocusedDreamCell.swift */ = {isa = PBXFileReference; lastKnownFileType = sourcecode.swift; path = FocusedDreamCell.swift; sourceTree = "<group>"; };
		8416E84324C7F7A400DB0C0C /* Base */ = {isa = PBXFileReference; lastKnownFileType = file.storyboard; name = Base; path = Base.lproj/Dreams.storyboard; sourceTree = "<group>"; };
		8416E84624C7F7AA00DB0C0C /* en */ = {isa = PBXFileReference; lastKnownFileType = text.plist.strings; name = en; path = en.lproj/Dreams.strings; sourceTree = "<group>"; };
		8416E84824C7F7AE00DB0C0C /* ru */ = {isa = PBXFileReference; lastKnownFileType = text.plist.strings; name = ru; path = ru.lproj/Dreams.strings; sourceTree = "<group>"; };
		841BDABE24BCC4330096BF68 /* Projects.storyboard */ = {isa = PBXFileReference; lastKnownFileType = file.storyboard; path = Projects.storyboard; sourceTree = "<group>"; };
		843688B724BCC0A500793B2B /* Dream Price.app */ = {isa = PBXFileReference; explicitFileType = wrapper.application; includeInIndex = 0; path = "Dream Price.app"; sourceTree = BUILT_PRODUCTS_DIR; };
		843688BA24BCC0A500793B2B /* AppDelegate.swift */ = {isa = PBXFileReference; lastKnownFileType = sourcecode.swift; path = AppDelegate.swift; sourceTree = "<group>"; };
		843688BC24BCC0A500793B2B /* SceneDelegate.swift */ = {isa = PBXFileReference; lastKnownFileType = sourcecode.swift; path = SceneDelegate.swift; sourceTree = "<group>"; };
		843688C124BCC0A500793B2B /* Base */ = {isa = PBXFileReference; lastKnownFileType = file.storyboard; name = Base; path = Base.lproj/Main.storyboard; sourceTree = "<group>"; };
		843688C324BCC0A800793B2B /* Assets.xcassets */ = {isa = PBXFileReference; lastKnownFileType = folder.assetcatalog; path = Assets.xcassets; sourceTree = "<group>"; };
		843688C624BCC0A800793B2B /* Base */ = {isa = PBXFileReference; lastKnownFileType = file.storyboard; name = Base; path = Base.lproj/LaunchScreen.storyboard; sourceTree = "<group>"; };
		843688C824BCC0A800793B2B /* Info.plist */ = {isa = PBXFileReference; lastKnownFileType = text.plist.xml; path = Info.plist; sourceTree = "<group>"; };
		843B29BA24C49F7B00A7E87A /* ETDeleteCell.swift */ = {isa = PBXFileReference; lastKnownFileType = sourcecode.swift; path = ETDeleteCell.swift; sourceTree = "<group>"; };
		843CBCE624C50807005E8562 /* ru */ = {isa = PBXFileReference; lastKnownFileType = text.plist.strings; name = ru; path = ru.lproj/Main.strings; sourceTree = "<group>"; };
		843CBCE724C50807005E8562 /* ru */ = {isa = PBXFileReference; lastKnownFileType = text.plist.strings; name = ru; path = ru.lproj/LaunchScreen.strings; sourceTree = "<group>"; };
		843CBCE924C508C5005E8562 /* en */ = {isa = PBXFileReference; lastKnownFileType = text.plist.strings; name = en; path = en.lproj/Main.strings; sourceTree = "<group>"; };
		843CBCEB24C508E6005E8562 /* Base */ = {isa = PBXFileReference; lastKnownFileType = file.storyboard; name = Base; path = Base.lproj/History.storyboard; sourceTree = "<group>"; };
		843CBCEE24C50911005E8562 /* ru */ = {isa = PBXFileReference; lastKnownFileType = text.plist.strings; name = ru; path = ru.lproj/History.strings; sourceTree = "<group>"; };
		843CBCF024C50935005E8562 /* en */ = {isa = PBXFileReference; lastKnownFileType = text.plist.strings; name = en; path = en.lproj/History.strings; sourceTree = "<group>"; };
		843CBCF424C51142005E8562 /* en */ = {isa = PBXFileReference; lastKnownFileType = text.plist.strings; name = en; path = en.lproj/Localizable.strings; sourceTree = "<group>"; };
		843CBCF624C5114B005E8562 /* ru */ = {isa = PBXFileReference; lastKnownFileType = text.plist.strings; name = ru; path = ru.lproj/Localizable.strings; sourceTree = "<group>"; };
		843D056C24BDFD2200DF7EFF /* Category.swift */ = {isa = PBXFileReference; lastKnownFileType = sourcecode.swift; path = Category.swift; sourceTree = "<group>"; };
		843D056E24BE026100DF7EFF /* CategoryCell.swift */ = {isa = PBXFileReference; lastKnownFileType = sourcecode.swift; path = CategoryCell.swift; sourceTree = "<group>"; };
		843D057024BE03C800DF7EFF /* CategoryCollectionVC.swift */ = {isa = PBXFileReference; lastKnownFileType = sourcecode.swift; path = CategoryCollectionVC.swift; sourceTree = "<group>"; };
		8447A83224BCCAE8005F448B /* BudgetVC.swift */ = {isa = PBXFileReference; lastKnownFileType = sourcecode.swift; path = BudgetVC.swift; sourceTree = "<group>"; };
		8447A83424BCCB04005F448B /* ProjectsVC.swift */ = {isa = PBXFileReference; lastKnownFileType = sourcecode.swift; path = ProjectsVC.swift; sourceTree = "<group>"; };
		8447A83824BCCB27005F448B /* DreamsVC.swift */ = {isa = PBXFileReference; lastKnownFileType = sourcecode.swift; path = DreamsVC.swift; sourceTree = "<group>"; };
		8447A83C24BCD990005F448B /* BudgetPVC.swift */ = {isa = PBXFileReference; lastKnownFileType = sourcecode.swift; path = BudgetPVC.swift; sourceTree = "<group>"; };
		8447A83E24BCD9E3005F448B /* BudgetItem.swift */ = {isa = PBXFileReference; lastKnownFileType = sourcecode.swift; path = BudgetItem.swift; sourceTree = "<group>"; };
		8447A84024BCDBDE005F448B /* BudgetItemDataVC.swift */ = {isa = PBXFileReference; lastKnownFileType = sourcecode.swift; path = BudgetItemDataVC.swift; sourceTree = "<group>"; };
		84899CDD24BE5375000B2B65 /* ManageCategoriesCell.swift */ = {isa = PBXFileReference; lastKnownFileType = sourcecode.swift; path = ManageCategoriesCell.swift; sourceTree = "<group>"; };
		84961BCE24CCFF64007B73BA /* AppIconTVC.swift */ = {isa = PBXFileReference; lastKnownFileType = sourcecode.swift; path = AppIconTVC.swift; sourceTree = "<group>"; };
		84B35FA024C1E9AD008FD1CE /* HistoryVC.swift */ = {isa = PBXFileReference; lastKnownFileType = sourcecode.swift; path = HistoryVC.swift; sourceTree = "<group>"; };
		84B35FA224C1FB9E008FD1CE /* GroupedSection.swift */ = {isa = PBXFileReference; lastKnownFileType = sourcecode.swift; path = GroupedSection.swift; sourceTree = "<group>"; };
		84B35FA424C1FE48008FD1CE /* TransactionCell.swift */ = {isa = PBXFileReference; lastKnownFileType = sourcecode.swift; path = TransactionCell.swift; sourceTree = "<group>"; };
		84B4812424D33BD500223B5C /* AppIconBlue@3x.png */ = {isa = PBXFileReference; lastKnownFileType = image.png; path = "AppIconBlue@3x.png"; sourceTree = "<group>"; };
		84B4812524D33BD500223B5C /* AppIconBlack@2x.png */ = {isa = PBXFileReference; lastKnownFileType = image.png; path = "AppIconBlack@2x.png"; sourceTree = "<group>"; };
		84B4812624D33BD500223B5C /* AppIconYellow@2x.png */ = {isa = PBXFileReference; lastKnownFileType = image.png; path = "AppIconYellow@2x.png"; sourceTree = "<group>"; };
		84B4812724D33BD500223B5C /* AppIconYellow@3x.png */ = {isa = PBXFileReference; lastKnownFileType = image.png; path = "AppIconYellow@3x.png"; sourceTree = "<group>"; };
		84B4812824D33BD500223B5C /* AppIconRed@3x.png */ = {isa = PBXFileReference; lastKnownFileType = image.png; path = "AppIconRed@3x.png"; sourceTree = "<group>"; };
		84B4812924D33BD500223B5C /* AppIconRed@2x.png */ = {isa = PBXFileReference; lastKnownFileType = image.png; path = "AppIconRed@2x.png"; sourceTree = "<group>"; };
		84B4812A24D33BD600223B5C /* AppIconBlue@2x.png */ = {isa = PBXFileReference; lastKnownFileType = image.png; path = "AppIconBlue@2x.png"; sourceTree = "<group>"; };
		84B4812B24D33BD600223B5C /* AppIconBlack@3x.png */ = {isa = PBXFileReference; lastKnownFileType = image.png; path = "AppIconBlack@3x.png"; sourceTree = "<group>"; };
		84B4813424D34DD300223B5C /* DevelopersTVC.swift */ = {isa = PBXFileReference; lastKnownFileType = sourcecode.swift; path = DevelopersTVC.swift; sourceTree = "<group>"; };
		84B4813624D34E0300223B5C /* CurrencyTVC.swift */ = {isa = PBXFileReference; lastKnownFileType = sourcecode.swift; path = CurrencyTVC.swift; sourceTree = "<group>"; };
		84BEDBE524C3C62A00792F93 /* NewCategoryCell.swift */ = {isa = PBXFileReference; lastKnownFileType = sourcecode.swift; path = NewCategoryCell.swift; sourceTree = "<group>"; };
		84BEDBE724C3CF6200792F93 /* EditableCategoryCell.swift */ = {isa = PBXFileReference; lastKnownFileType = sourcecode.swift; path = EditableCategoryCell.swift; sourceTree = "<group>"; };
		84BEDBE924C3DBAB00792F93 /* NewEarningCell.swift */ = {isa = PBXFileReference; lastKnownFileType = sourcecode.swift; path = NewEarningCell.swift; sourceTree = "<group>"; };
		84BEDBEB24C408D400792F93 /* EditTransactionVC.swift */ = {isa = PBXFileReference; lastKnownFileType = sourcecode.swift; path = EditTransactionVC.swift; sourceTree = "<group>"; };
		84BEDBED24C469B400792F93 /* ETCategoryCell.swift */ = {isa = PBXFileReference; lastKnownFileType = sourcecode.swift; path = ETCategoryCell.swift; sourceTree = "<group>"; };
		84BEDBF124C46A3700792F93 /* ETNumberCell.swift */ = {isa = PBXFileReference; lastKnownFileType = sourcecode.swift; path = ETNumberCell.swift; sourceTree = "<group>"; };
		84BEDBF324C46A4600792F93 /* ETDateCell.swift */ = {isa = PBXFileReference; lastKnownFileType = sourcecode.swift; path = ETDateCell.swift; sourceTree = "<group>"; };
		84C53E3C24CCFC4B0043CEB8 /* SettingsTVC.swift */ = {isa = PBXFileReference; lastKnownFileType = sourcecode.swift; path = SettingsTVC.swift; sourceTree = "<group>"; };
		84C730FA24CF719D00FE003D /* ETDatePickerCell.swift */ = {isa = PBXFileReference; lastKnownFileType = sourcecode.swift; path = ETDatePickerCell.swift; sourceTree = "<group>"; };
		84C730FC24CF8F5F00FE003D /* Settings.swift */ = {isa = PBXFileReference; lastKnownFileType = sourcecode.swift; path = Settings.swift; sourceTree = "<group>"; };
		84E38BF024C76AEC00FF5CC1 /* DashedBorder.swift */ = {isa = PBXFileReference; lastKnownFileType = sourcecode.swift; name = DashedBorder.swift; path = "Dream Price/View/DashedBorder.swift"; sourceTree = SOURCE_ROOT; };
		84E4C73B24BEF882006E3D0A /* ManageCategoriesVC.swift */ = {isa = PBXFileReference; lastKnownFileType = sourcecode.swift; path = ManageCategoriesVC.swift; sourceTree = "<group>"; };
		84FD159B24C61A1F003CEF78 /* Dream Price Companion.app */ = {isa = PBXFileReference; explicitFileType = wrapper.application; includeInIndex = 0; path = "Dream Price Companion.app"; sourceTree = BUILT_PRODUCTS_DIR; };
		84FD159E24C61A1F003CEF78 /* Base */ = {isa = PBXFileReference; lastKnownFileType = file.storyboard; name = Base; path = Base.lproj/Interface.storyboard; sourceTree = "<group>"; };
		84FD15A024C61A23003CEF78 /* Assets.xcassets */ = {isa = PBXFileReference; lastKnownFileType = folder.assetcatalog; path = Assets.xcassets; sourceTree = "<group>"; };
		84FD15A224C61A23003CEF78 /* Info.plist */ = {isa = PBXFileReference; lastKnownFileType = text.plist.xml; path = Info.plist; sourceTree = "<group>"; };
		84FD15A724C61A23003CEF78 /* Dream Price Companion Extension.appex */ = {isa = PBXFileReference; explicitFileType = "wrapper.app-extension"; includeInIndex = 0; path = "Dream Price Companion Extension.appex"; sourceTree = BUILT_PRODUCTS_DIR; };
		84FD15AC24C61A23003CEF78 /* InterfaceController.swift */ = {isa = PBXFileReference; lastKnownFileType = sourcecode.swift; path = InterfaceController.swift; sourceTree = "<group>"; };
		84FD15AE24C61A23003CEF78 /* ExtensionDelegate.swift */ = {isa = PBXFileReference; lastKnownFileType = sourcecode.swift; path = ExtensionDelegate.swift; sourceTree = "<group>"; };
		84FD15B024C61A23003CEF78 /* NotificationController.swift */ = {isa = PBXFileReference; lastKnownFileType = sourcecode.swift; path = NotificationController.swift; sourceTree = "<group>"; };
		84FD15B224C61A23003CEF78 /* ComplicationController.swift */ = {isa = PBXFileReference; lastKnownFileType = sourcecode.swift; path = ComplicationController.swift; sourceTree = "<group>"; };
		84FD15B424C61A25003CEF78 /* Assets.xcassets */ = {isa = PBXFileReference; lastKnownFileType = folder.assetcatalog; path = Assets.xcassets; sourceTree = "<group>"; };
		84FD15B624C61A25003CEF78 /* Info.plist */ = {isa = PBXFileReference; lastKnownFileType = text.plist.xml; path = Info.plist; sourceTree = "<group>"; };
		84FD15B724C61A25003CEF78 /* PushNotificationPayload.apns */ = {isa = PBXFileReference; lastKnownFileType = text; path = PushNotificationPayload.apns; sourceTree = "<group>"; };
		84FD160F24C63AD0003CEF78 /* ValueChangeIC.swift */ = {isa = PBXFileReference; lastKnownFileType = sourcecode.swift; path = ValueChangeIC.swift; sourceTree = "<group>"; };
		84FD161124C646DA003CEF78 /* BudgetCell.swift */ = {isa = PBXFileReference; lastKnownFileType = sourcecode.swift; path = BudgetCell.swift; sourceTree = "<group>"; };
		84FD161524C65734003CEF78 /* CategoryIC.swift */ = {isa = PBXFileReference; lastKnownFileType = sourcecode.swift; path = CategoryIC.swift; sourceTree = "<group>"; };
		84FD161924C65AB8003CEF78 /* CategoryRow.swift */ = {isa = PBXFileReference; lastKnownFileType = sourcecode.swift; name = CategoryRow.swift; path = "Dream Price Companion Extension/CategoryRow.swift"; sourceTree = SOURCE_ROOT; };
		84FD161B24C66323003CEF78 /* TransactionIC.swift */ = {isa = PBXFileReference; lastKnownFileType = sourcecode.swift; path = TransactionIC.swift; sourceTree = "<group>"; };
		DA964BD56361E3E20F7A72E2 /* Pods-Dream Price.release.xcconfig */ = {isa = PBXFileReference; includeInIndex = 1; lastKnownFileType = text.xcconfig; name = "Pods-Dream Price.release.xcconfig"; path = "Target Support Files/Pods-Dream Price/Pods-Dream Price.release.xcconfig"; sourceTree = "<group>"; };
		EF6C68EB6CEB36E0454ABD8C /* Pods-Dream Price.debug.xcconfig */ = {isa = PBXFileReference; includeInIndex = 1; lastKnownFileType = text.xcconfig; name = "Pods-Dream Price.debug.xcconfig"; path = "Target Support Files/Pods-Dream Price/Pods-Dream Price.debug.xcconfig"; sourceTree = "<group>"; };
/* End PBXFileReference section */

/* Begin PBXFrameworksBuildPhase section */
		843688B424BCC0A500793B2B /* Frameworks */ = {
			isa = PBXFrameworksBuildPhase;
			buildActionMask = 2147483647;
			files = (
				A8B42966B8E95C52767D58D5 /* Pods_Dream_Price.framework in Frameworks */,
			);
			runOnlyForDeploymentPostprocessing = 0;
		};
		84FD15A424C61A23003CEF78 /* Frameworks */ = {
			isa = PBXFrameworksBuildPhase;
			buildActionMask = 2147483647;
			files = (
			);
			runOnlyForDeploymentPostprocessing = 0;
		};
/* End PBXFrameworksBuildPhase section */

/* Begin PBXGroup section */
		626B7057FC512E5F1D86E694 /* Pods */ = {
			isa = PBXGroup;
			children = (
				EF6C68EB6CEB36E0454ABD8C /* Pods-Dream Price.debug.xcconfig */,
				DA964BD56361E3E20F7A72E2 /* Pods-Dream Price.release.xcconfig */,
			);
			path = Pods;
			sourceTree = "<group>";
		};
		841BDAB824BCC3500096BF68 /* Model */ = {
			isa = PBXGroup;
			children = (
				56D8D49224C4D70F00C3194D /* RealmTransaction.swift */,
				56D8D49424C4D7E400C3194D /* RealmCategory.swift */,
				56D8D49624C4D7F800C3194D /* RealmBudget.swift */,
				56D8D49824C4DBE400C3194D /* RealmGoal.swift */,
				56D8D4A224C4E42600C3194D /* RealmAction.swift */,
				56D8D4A424C4E4C200C3194D /* RealmProject.swift */,
				8447A83E24BCD9E3005F448B /* BudgetItem.swift */,
				843D056C24BDFD2200DF7EFF /* Category.swift */,
				84B35FA224C1FB9E008FD1CE /* GroupedSection.swift */,
				84C730FC24CF8F5F00FE003D /* Settings.swift */,
			);
			path = Model;
			sourceTree = "<group>";
		};
		841BDAB924BCC3570096BF68 /* View */ = {
			isa = PBXGroup;
			children = (
				843D056E24BE026100DF7EFF /* CategoryCell.swift */,
				84899CDD24BE5375000B2B65 /* ManageCategoriesCell.swift */,
				84B35FA424C1FE48008FD1CE /* TransactionCell.swift */,
				84BEDBE524C3C62A00792F93 /* NewCategoryCell.swift */,
				84BEDBE724C3CF6200792F93 /* EditableCategoryCell.swift */,
				84BEDBE924C3DBAB00792F93 /* NewEarningCell.swift */,
				84BEDBED24C469B400792F93 /* ETCategoryCell.swift */,
				84BEDBF124C46A3700792F93 /* ETNumberCell.swift */,
				84BEDBF324C46A4600792F93 /* ETDateCell.swift */,
				843B29BA24C49F7B00A7E87A /* ETDeleteCell.swift */,
				8416E83E24C7E34600DB0C0C /* DreamCell.swift */,
				8416E84024C7E36200DB0C0C /* FocusedDreamCell.swift */,
				840F2DA724CEAB1E005CA412 /* ETBudgetCell.swift */,
				840F2DA924CEB8DE005CA412 /* ETPickerCell.swift */,
				840F2DAB24CECABA005CA412 /* ETBudgetPickerCell.swift */,
				84C730FA24CF719D00FE003D /* ETDatePickerCell.swift */,
			);
			path = View;
			sourceTree = "<group>";
		};
		841BDABA24BCC35C0096BF68 /* Controller */ = {
			isa = PBXGroup;
			children = (
				8416E83A24C7E23F00DB0C0C /* AddDreamsVC.swift */,
				8447A83224BCCAE8005F448B /* BudgetVC.swift */,
				8447A83C24BCD990005F448B /* BudgetPVC.swift */,
				8447A83424BCCB04005F448B /* ProjectsVC.swift */,
				56D8D49A24C4E20D00C3194D /* ProjectsCell.swift */,
				56D8D49C24C4E30200C3194D /* ActionsCell.swift */,
				56D8D4A624C4E70700C3194D /* AddProjectCVCell.swift */,
				56D8D49E24C4E38700C3194D /* ProjectCVCell.swift */,
				8447A83824BCCB27005F448B /* DreamsVC.swift */,
				8447A84024BCDBDE005F448B /* BudgetItemDataVC.swift */,
				843D057024BE03C800DF7EFF /* CategoryCollectionVC.swift */,
				84E4C73B24BEF882006E3D0A /* ManageCategoriesVC.swift */,
				84B35FA024C1E9AD008FD1CE /* HistoryVC.swift */,
				84BEDBEB24C408D400792F93 /* EditTransactionVC.swift */,
				8416E83C24C7E2BB00DB0C0C /* EditDreamsVC.swift */,
				84C53E3C24CCFC4B0043CEB8 /* SettingsTVC.swift */,
				84961BCE24CCFF64007B73BA /* AppIconTVC.swift */,
				84B4813424D34DD300223B5C /* DevelopersTVC.swift */,
				84B4813624D34E0300223B5C /* CurrencyTVC.swift */,
			);
			path = Controller;
			sourceTree = "<group>";
		};
		841BDABB24BCC3620096BF68 /* Extensions */ = {
			isa = PBXGroup;
			children = (
				84E38BF024C76AEC00FF5CC1 /* DashedBorder.swift */,
			);
			path = Extensions;
			sourceTree = "<group>";
		};
		841BDABC24BCC37A0096BF68 /* Realm */ = {
			isa = PBXGroup;
			children = (
				56D8D48E24C49BD200C3194D /* RealmService.swift */,
			);
			path = Realm;
			sourceTree = "<group>";
		};
		841BDABD24BCC3BF0096BF68 /* Other */ = {
			isa = PBXGroup;
			children = (
				56D8D49024C49C6B00C3194D /* Base.swift */,
			);
			path = Other;
			sourceTree = "<group>";
		};
		843688AE24BCC0A500793B2B = {
			isa = PBXGroup;
			children = (
				843688B924BCC0A500793B2B /* Dream Price */,
				84FD159C24C61A1F003CEF78 /* Dream Price Companion */,
				84FD15AB24C61A23003CEF78 /* Dream Price Companion Extension */,
				843688B824BCC0A500793B2B /* Products */,
				626B7057FC512E5F1D86E694 /* Pods */,
				FBC4D99E871B5FD8E3C67E18 /* Frameworks */,
			);
			sourceTree = "<group>";
		};
		843688B824BCC0A500793B2B /* Products */ = {
			isa = PBXGroup;
			children = (
				843688B724BCC0A500793B2B /* Dream Price.app */,
				84FD159B24C61A1F003CEF78 /* Dream Price Companion.app */,
				84FD15A724C61A23003CEF78 /* Dream Price Companion Extension.appex */,
			);
			name = Products;
			sourceTree = "<group>";
		};
		843688B924BCC0A500793B2B /* Dream Price */ = {
			isa = PBXGroup;
			children = (
				84961BD024CD092D007B73BA /* AlternateIcons */,
				841BDABD24BCC3BF0096BF68 /* Other */,
				841BDABC24BCC37A0096BF68 /* Realm */,
				841BDABB24BCC3620096BF68 /* Extensions */,
				841BDABA24BCC35C0096BF68 /* Controller */,
				841BDAB924BCC3570096BF68 /* View */,
				841BDAB824BCC3500096BF68 /* Model */,
				843688BA24BCC0A500793B2B /* AppDelegate.swift */,
				843688BC24BCC0A500793B2B /* SceneDelegate.swift */,
				843688C024BCC0A500793B2B /* Main.storyboard */,
				8416E84424C7F7A400DB0C0C /* Dreams.storyboard */,
				843CBCEC24C508E6005E8562 /* History.storyboard */,
				841BDABE24BCC4330096BF68 /* Projects.storyboard */,
				843688C324BCC0A800793B2B /* Assets.xcassets */,
				843688C524BCC0A800793B2B /* LaunchScreen.storyboard */,
				843688C824BCC0A800793B2B /* Info.plist */,
				843CBCF524C51142005E8562 /* Localizable.strings */,
			);
			path = "Dream Price";
			sourceTree = "<group>";
		};
		84961BD024CD092D007B73BA /* AlternateIcons */ = {
			isa = PBXGroup;
			children = (
				84B4812524D33BD500223B5C /* AppIconBlack@2x.png */,
				84B4812B24D33BD600223B5C /* AppIconBlack@3x.png */,
				84B4812A24D33BD600223B5C /* AppIconBlue@2x.png */,
				84B4812424D33BD500223B5C /* AppIconBlue@3x.png */,
				84B4812924D33BD500223B5C /* AppIconRed@2x.png */,
				84B4812824D33BD500223B5C /* AppIconRed@3x.png */,
				84B4812624D33BD500223B5C /* AppIconYellow@2x.png */,
				84B4812724D33BD500223B5C /* AppIconYellow@3x.png */,
			);
			path = AlternateIcons;
			sourceTree = "<group>";
		};
		84FD159C24C61A1F003CEF78 /* Dream Price Companion */ = {
			isa = PBXGroup;
			children = (
				84FD159D24C61A1F003CEF78 /* Interface.storyboard */,
				84FD15A024C61A23003CEF78 /* Assets.xcassets */,
				84FD15A224C61A23003CEF78 /* Info.plist */,
			);
			path = "Dream Price Companion";
			sourceTree = "<group>";
		};
		84FD15AB24C61A23003CEF78 /* Dream Price Companion Extension */ = {
			isa = PBXGroup;
			children = (
				84FD161924C65AB8003CEF78 /* CategoryRow.swift */,
				84FD15B724C61A25003CEF78 /* PushNotificationPayload.apns */,
				84FD15B624C61A25003CEF78 /* Info.plist */,
				84FD161124C646DA003CEF78 /* BudgetCell.swift */,
				84FD15B224C61A23003CEF78 /* ComplicationController.swift */,
				84FD15AE24C61A23003CEF78 /* ExtensionDelegate.swift */,
				84FD15AC24C61A23003CEF78 /* InterfaceController.swift */,
				84FD15B024C61A23003CEF78 /* NotificationController.swift */,
				84FD160F24C63AD0003CEF78 /* ValueChangeIC.swift */,
				84FD15B424C61A25003CEF78 /* Assets.xcassets */,
				84FD161524C65734003CEF78 /* CategoryIC.swift */,
				84FD161B24C66323003CEF78 /* TransactionIC.swift */,
			);
			path = "Dream Price Companion Extension";
			sourceTree = "<group>";
		};
		FBC4D99E871B5FD8E3C67E18 /* Frameworks */ = {
			isa = PBXGroup;
			children = (
				6C95879CF6685A037493194E /* Pods_Dream_Price.framework */,
			);
			name = Frameworks;
			sourceTree = "<group>";
		};
/* End PBXGroup section */

/* Begin PBXNativeTarget section */
		843688B624BCC0A500793B2B /* Dream Price */ = {
			isa = PBXNativeTarget;
			buildConfigurationList = 843688CB24BCC0A800793B2B /* Build configuration list for PBXNativeTarget "Dream Price" */;
			buildPhases = (
				31B03A55F9735D88C7462D35 /* [CP] Check Pods Manifest.lock */,
				843688B324BCC0A500793B2B /* Sources */,
				843688B424BCC0A500793B2B /* Frameworks */,
				843688B524BCC0A500793B2B /* Resources */,
				5EA8CF4677DC2CD7C7E0366C /* [CP] Embed Pods Frameworks */,
				84B35FA624C21FA7008FD1CE /* ShellScript */,
				84FD15BB24C61A25003CEF78 /* Embed Watch Content */,
			);
			buildRules = (
			);
			dependencies = (
				84FD15B924C61A25003CEF78 /* PBXTargetDependency */,
			);
			name = "Dream Price";
			productName = "Dream Price";
			productReference = 843688B724BCC0A500793B2B /* Dream Price.app */;
			productType = "com.apple.product-type.application";
		};
		84FD159A24C61A1F003CEF78 /* Dream Price Companion */ = {
			isa = PBXNativeTarget;
			buildConfigurationList = 84FD15C224C61A25003CEF78 /* Build configuration list for PBXNativeTarget "Dream Price Companion" */;
			buildPhases = (
				84FD159924C61A1F003CEF78 /* Resources */,
				84FD15BE24C61A25003CEF78 /* Embed App Extensions */,
			);
			buildRules = (
			);
			dependencies = (
				84FD15AA24C61A23003CEF78 /* PBXTargetDependency */,
			);
			name = "Dream Price Companion";
			productName = "Dream Price Companion";
			productReference = 84FD159B24C61A1F003CEF78 /* Dream Price Companion.app */;
			productType = "com.apple.product-type.application.watchapp2";
		};
		84FD15A624C61A23003CEF78 /* Dream Price Companion Extension */ = {
			isa = PBXNativeTarget;
			buildConfigurationList = 84FD15C124C61A25003CEF78 /* Build configuration list for PBXNativeTarget "Dream Price Companion Extension" */;
			buildPhases = (
				84FD15A324C61A23003CEF78 /* Sources */,
				84FD15A424C61A23003CEF78 /* Frameworks */,
				84FD15A524C61A23003CEF78 /* Resources */,
			);
			buildRules = (
			);
			dependencies = (
			);
			name = "Dream Price Companion Extension";
			productName = "Dream Price Companion Extension";
			productReference = 84FD15A724C61A23003CEF78 /* Dream Price Companion Extension.appex */;
			productType = "com.apple.product-type.watchkit2-extension";
		};
/* End PBXNativeTarget section */

/* Begin PBXProject section */
		843688AF24BCC0A500793B2B /* Project object */ = {
			isa = PBXProject;
			attributes = {
				LastSwiftUpdateCheck = 1200;
				LastUpgradeCheck = 1200;
				TargetAttributes = {
					843688B624BCC0A500793B2B = {
						CreatedOnToolsVersion = 12.0;
					};
					84FD159A24C61A1F003CEF78 = {
						CreatedOnToolsVersion = 12.0;
					};
					84FD15A624C61A23003CEF78 = {
						CreatedOnToolsVersion = 12.0;
					};
				};
			};
			buildConfigurationList = 843688B224BCC0A500793B2B /* Build configuration list for PBXProject "Dream Price" */;
			compatibilityVersion = "Xcode 9.3";
			developmentRegion = en;
			hasScannedForEncodings = 0;
			knownRegions = (
				en,
				Base,
				ru,
			);
			mainGroup = 843688AE24BCC0A500793B2B;
			productRefGroup = 843688B824BCC0A500793B2B /* Products */;
			projectDirPath = "";
			projectRoot = "";
			targets = (
				843688B624BCC0A500793B2B /* Dream Price */,
				84FD159A24C61A1F003CEF78 /* Dream Price Companion */,
				84FD15A624C61A23003CEF78 /* Dream Price Companion Extension */,
			);
		};
/* End PBXProject section */

/* Begin PBXResourcesBuildPhase section */
		843688B524BCC0A500793B2B /* Resources */ = {
			isa = PBXResourcesBuildPhase;
			buildActionMask = 2147483647;
			files = (
				843688C724BCC0A800793B2B /* LaunchScreen.storyboard in Resources */,
				843688C424BCC0A800793B2B /* Assets.xcassets in Resources */,
				84B4812C24D33BD600223B5C /* AppIconBlue@3x.png in Resources */,
				843688C224BCC0A500793B2B /* Main.storyboard in Resources */,
				84B4813024D33BD600223B5C /* AppIconRed@3x.png in Resources */,
				843CBCF324C51142005E8562 /* Localizable.strings in Resources */,
				84B4812F24D33BD600223B5C /* AppIconYellow@3x.png in Resources */,
				84B4813224D33BD600223B5C /* AppIconBlue@2x.png in Resources */,
				843CBCEA24C508E6005E8562 /* History.storyboard in Resources */,
				84B4813124D33BD600223B5C /* AppIconRed@2x.png in Resources */,
				84B4812D24D33BD600223B5C /* AppIconBlack@2x.png in Resources */,
				84B4812E24D33BD600223B5C /* AppIconYellow@2x.png in Resources */,
				84B4813324D33BD600223B5C /* AppIconBlack@3x.png in Resources */,
				8416E84224C7F7A400DB0C0C /* Dreams.storyboard in Resources */,
				841BDABF24BCC4330096BF68 /* Projects.storyboard in Resources */,
			);
			runOnlyForDeploymentPostprocessing = 0;
		};
		84FD159924C61A1F003CEF78 /* Resources */ = {
			isa = PBXResourcesBuildPhase;
			buildActionMask = 2147483647;
			files = (
				84FD15A124C61A23003CEF78 /* Assets.xcassets in Resources */,
				84FD159F24C61A1F003CEF78 /* Interface.storyboard in Resources */,
			);
			runOnlyForDeploymentPostprocessing = 0;
		};
		84FD15A524C61A23003CEF78 /* Resources */ = {
			isa = PBXResourcesBuildPhase;
			buildActionMask = 2147483647;
			files = (
				84FD15B524C61A25003CEF78 /* Assets.xcassets in Resources */,
			);
			runOnlyForDeploymentPostprocessing = 0;
		};
/* End PBXResourcesBuildPhase section */

/* Begin PBXShellScriptBuildPhase section */
		31B03A55F9735D88C7462D35 /* [CP] Check Pods Manifest.lock */ = {
			isa = PBXShellScriptBuildPhase;
			buildActionMask = 2147483647;
			files = (
			);
			inputFileListPaths = (
			);
			inputPaths = (
				"${PODS_PODFILE_DIR_PATH}/Podfile.lock",
				"${PODS_ROOT}/Manifest.lock",
			);
			name = "[CP] Check Pods Manifest.lock";
			outputFileListPaths = (
			);
			outputPaths = (
				"$(DERIVED_FILE_DIR)/Pods-Dream Price-checkManifestLockResult.txt",
			);
			runOnlyForDeploymentPostprocessing = 0;
			shellPath = /bin/sh;
			shellScript = "diff \"${PODS_PODFILE_DIR_PATH}/Podfile.lock\" \"${PODS_ROOT}/Manifest.lock\" > /dev/null\nif [ $? != 0 ] ; then\n    # print error to STDERR\n    echo \"error: The sandbox is not in sync with the Podfile.lock. Run 'pod install' or update your CocoaPods installation.\" >&2\n    exit 1\nfi\n# This output is used by Xcode 'outputs' to avoid re-running this script phase.\necho \"SUCCESS\" > \"${SCRIPT_OUTPUT_FILE_0}\"\n";
			showEnvVarsInLog = 0;
		};
		5EA8CF4677DC2CD7C7E0366C /* [CP] Embed Pods Frameworks */ = {
			isa = PBXShellScriptBuildPhase;
			buildActionMask = 2147483647;
			files = (
			);
			inputFileListPaths = (
				"${PODS_ROOT}/Target Support Files/Pods-Dream Price/Pods-Dream Price-frameworks-${CONFIGURATION}-input-files.xcfilelist",
			);
			name = "[CP] Embed Pods Frameworks";
			outputFileListPaths = (
				"${PODS_ROOT}/Target Support Files/Pods-Dream Price/Pods-Dream Price-frameworks-${CONFIGURATION}-output-files.xcfilelist",
			);
			runOnlyForDeploymentPostprocessing = 0;
			shellPath = /bin/sh;
			shellScript = "\"${PODS_ROOT}/Target Support Files/Pods-Dream Price/Pods-Dream Price-frameworks.sh\"\n";
			showEnvVarsInLog = 0;
		};
		84B35FA624C21FA7008FD1CE /* ShellScript */ = {
			isa = PBXShellScriptBuildPhase;
			buildActionMask = 2147483647;
			files = (
			);
			inputFileListPaths = (
			);
			inputPaths = (
			);
			outputFileListPaths = (
			);
			outputPaths = (
			);
			runOnlyForDeploymentPostprocessing = 0;
			shellPath = /bin/sh;
			shellScript = "TAGS=\"TODO:\"\nfind \"${SRCROOT}\" \\( -name \"*.h\" -or -name \"*.m\" -or -name \"*.swift\" \\) -print0 | xargs -0 egrep --with-filename --line-number --only-matching \"($TAGS).*\\$\" | perl -p -e \"s/($TAGS)/ warning: \\$1/\"\n";
		};
/* End PBXShellScriptBuildPhase section */

/* Begin PBXSourcesBuildPhase section */
		843688B324BCC0A500793B2B /* Sources */ = {
			isa = PBXSourcesBuildPhase;
			buildActionMask = 2147483647;
			files = (
				56D8D49724C4D7F800C3194D /* RealmBudget.swift in Sources */,
				56D8D49124C49C6B00C3194D /* Base.swift in Sources */,
				56D8D49924C4DBE400C3194D /* RealmGoal.swift in Sources */,
				56D8D49F24C4E38700C3194D /* ProjectCVCell.swift in Sources */,
				56D8D4A524C4E4C200C3194D /* RealmProject.swift in Sources */,
				56D8D4A724C4E70700C3194D /* AddProjectCVCell.swift in Sources */,
				56D8D4A324C4E42600C3194D /* RealmAction.swift in Sources */,
				56D8D48F24C49BD200C3194D /* RealmService.swift in Sources */,
				843D057124BE03C800DF7EFF /* CategoryCollectionVC.swift in Sources */,
				8416E83D24C7E2BB00DB0C0C /* EditDreamsVC.swift in Sources */,
				8416E83B24C7E23F00DB0C0C /* AddDreamsVC.swift in Sources */,
				843B29BB24C49F7B00A7E87A /* ETDeleteCell.swift in Sources */,
				84B35FA124C1E9AD008FD1CE /* HistoryVC.swift in Sources */,
				840F2DAC24CECABA005CA412 /* ETBudgetPickerCell.swift in Sources */,
				84B35FA524C1FE48008FD1CE /* TransactionCell.swift in Sources */,
				843688BB24BCC0A500793B2B /* AppDelegate.swift in Sources */,
				8447A83924BCCB27005F448B /* DreamsVC.swift in Sources */,
				84BEDBE824C3CF6200792F93 /* EditableCategoryCell.swift in Sources */,
				8416E84124C7E36200DB0C0C /* FocusedDreamCell.swift in Sources */,
				84BEDBF424C46A4700792F93 /* ETDateCell.swift in Sources */,
				84BEDBF224C46A3700792F93 /* ETNumberCell.swift in Sources */,
				84C730FB24CF719D00FE003D /* ETDatePickerCell.swift in Sources */,
				84E4C73C24BEF882006E3D0A /* ManageCategoriesVC.swift in Sources */,
				843688BD24BCC0A500793B2B /* SceneDelegate.swift in Sources */,
				56D8D49324C4D70F00C3194D /* RealmTransaction.swift in Sources */,
				840F2DAA24CEB8DE005CA412 /* ETPickerCell.swift in Sources */,
				56D8D49D24C4E30200C3194D /* ActionsCell.swift in Sources */,
				56D8D49524C4D7E400C3194D /* RealmCategory.swift in Sources */,
				56D8D49B24C4E20D00C3194D /* ProjectsCell.swift in Sources */,
				84B4813524D34DD300223B5C /* DevelopersTVC.swift in Sources */,
				8447A83524BCCB04005F448B /* ProjectsVC.swift in Sources */,
				8447A83F24BCD9E3005F448B /* BudgetItem.swift in Sources */,
				8447A83D24BCD990005F448B /* BudgetPVC.swift in Sources */,
				84B35FA324C1FB9F008FD1CE /* GroupedSection.swift in Sources */,
				84BEDBEE24C469B400792F93 /* ETCategoryCell.swift in Sources */,
				84BEDBEA24C3DBAB00792F93 /* NewEarningCell.swift in Sources */,
				840F2DA824CEAB1E005CA412 /* ETBudgetCell.swift in Sources */,
				84BEDBEC24C408D400792F93 /* EditTransactionVC.swift in Sources */,
				84E38BF124C76AEC00FF5CC1 /* DashedBorder.swift in Sources */,
				84961BCF24CCFF64007B73BA /* AppIconTVC.swift in Sources */,
				84B4813724D34E0300223B5C /* CurrencyTVC.swift in Sources */,
				8416E83F24C7E34600DB0C0C /* DreamCell.swift in Sources */,
				8447A84124BCDBDE005F448B /* BudgetItemDataVC.swift in Sources */,
				84C53E3D24CCFC4B0043CEB8 /* SettingsTVC.swift in Sources */,
				8447A83324BCCAE8005F448B /* BudgetVC.swift in Sources */,
				84BEDBE624C3C62A00792F93 /* NewCategoryCell.swift in Sources */,
				843D056D24BDFD2200DF7EFF /* Category.swift in Sources */,
				84C730FD24CF8F5F00FE003D /* Settings.swift in Sources */,
				84899CDE24BE5375000B2B65 /* ManageCategoriesCell.swift in Sources */,
				843D056F24BE026200DF7EFF /* CategoryCell.swift in Sources */,
			);
			runOnlyForDeploymentPostprocessing = 0;
		};
		84FD15A324C61A23003CEF78 /* Sources */ = {
			isa = PBXSourcesBuildPhase;
			buildActionMask = 2147483647;
			files = (
				84FD161024C63AD0003CEF78 /* ValueChangeIC.swift in Sources */,
				84FD15B124C61A23003CEF78 /* NotificationController.swift in Sources */,
				84FD15B324C61A23003CEF78 /* ComplicationController.swift in Sources */,
				84FD15AF24C61A23003CEF78 /* ExtensionDelegate.swift in Sources */,
				84FD161224C646DA003CEF78 /* BudgetCell.swift in Sources */,
				84FD161A24C65AB8003CEF78 /* CategoryRow.swift in Sources */,
				84FD161C24C66323003CEF78 /* TransactionIC.swift in Sources */,
				84FD161624C65734003CEF78 /* CategoryIC.swift in Sources */,
				84FD15AD24C61A23003CEF78 /* InterfaceController.swift in Sources */,
			);
			runOnlyForDeploymentPostprocessing = 0;
		};
/* End PBXSourcesBuildPhase section */

/* Begin PBXTargetDependency section */
		84FD15AA24C61A23003CEF78 /* PBXTargetDependency */ = {
			isa = PBXTargetDependency;
			target = 84FD15A624C61A23003CEF78 /* Dream Price Companion Extension */;
			targetProxy = 84FD15A924C61A23003CEF78 /* PBXContainerItemProxy */;
		};
		84FD15B924C61A25003CEF78 /* PBXTargetDependency */ = {
			isa = PBXTargetDependency;
			target = 84FD159A24C61A1F003CEF78 /* Dream Price Companion */;
			targetProxy = 84FD15B824C61A25003CEF78 /* PBXContainerItemProxy */;
		};
/* End PBXTargetDependency section */

/* Begin PBXVariantGroup section */
		8416E84424C7F7A400DB0C0C /* Dreams.storyboard */ = {
			isa = PBXVariantGroup;
			children = (
				8416E84324C7F7A400DB0C0C /* Base */,
				8416E84624C7F7AA00DB0C0C /* en */,
				8416E84824C7F7AE00DB0C0C /* ru */,
			);
			name = Dreams.storyboard;
			sourceTree = "<group>";
		};
		843688C024BCC0A500793B2B /* Main.storyboard */ = {
			isa = PBXVariantGroup;
			children = (
				843688C124BCC0A500793B2B /* Base */,
				843CBCE624C50807005E8562 /* ru */,
				843CBCE924C508C5005E8562 /* en */,
			);
			name = Main.storyboard;
			sourceTree = "<group>";
		};
		843688C524BCC0A800793B2B /* LaunchScreen.storyboard */ = {
			isa = PBXVariantGroup;
			children = (
				843688C624BCC0A800793B2B /* Base */,
				843CBCE724C50807005E8562 /* ru */,
			);
			name = LaunchScreen.storyboard;
			sourceTree = "<group>";
		};
		843CBCEC24C508E6005E8562 /* History.storyboard */ = {
			isa = PBXVariantGroup;
			children = (
				843CBCEB24C508E6005E8562 /* Base */,
				843CBCEE24C50911005E8562 /* ru */,
				843CBCF024C50935005E8562 /* en */,
			);
			name = History.storyboard;
			sourceTree = "<group>";
		};
		843CBCF524C51142005E8562 /* Localizable.strings */ = {
			isa = PBXVariantGroup;
			children = (
				843CBCF424C51142005E8562 /* en */,
				843CBCF624C5114B005E8562 /* ru */,
			);
			name = Localizable.strings;
			sourceTree = "<group>";
		};
		84FD159D24C61A1F003CEF78 /* Interface.storyboard */ = {
			isa = PBXVariantGroup;
			children = (
				84FD159E24C61A1F003CEF78 /* Base */,
			);
			name = Interface.storyboard;
			sourceTree = "<group>";
		};
/* End PBXVariantGroup section */

/* Begin XCBuildConfiguration section */
		843688C924BCC0A800793B2B /* Debug */ = {
			isa = XCBuildConfiguration;
			buildSettings = {
				ALWAYS_SEARCH_USER_PATHS = NO;
				CLANG_ANALYZER_LOCALIZABILITY_NONLOCALIZED = YES;
				CLANG_ANALYZER_NONNULL = YES;
				CLANG_ANALYZER_NUMBER_OBJECT_CONVERSION = YES_AGGRESSIVE;
				CLANG_CXX_LANGUAGE_STANDARD = "gnu++14";
				CLANG_CXX_LIBRARY = "libc++";
				CLANG_ENABLE_MODULES = YES;
				CLANG_ENABLE_OBJC_ARC = YES;
				CLANG_ENABLE_OBJC_WEAK = YES;
				CLANG_WARN_BLOCK_CAPTURE_AUTORELEASING = YES;
				CLANG_WARN_BOOL_CONVERSION = YES;
				CLANG_WARN_COMMA = YES;
				CLANG_WARN_CONSTANT_CONVERSION = YES;
				CLANG_WARN_DEPRECATED_OBJC_IMPLEMENTATIONS = YES;
				CLANG_WARN_DIRECT_OBJC_ISA_USAGE = YES_ERROR;
				CLANG_WARN_DOCUMENTATION_COMMENTS = YES;
				CLANG_WARN_EMPTY_BODY = YES;
				CLANG_WARN_ENUM_CONVERSION = YES;
				CLANG_WARN_INFINITE_RECURSION = YES;
				CLANG_WARN_INT_CONVERSION = YES;
				CLANG_WARN_NON_LITERAL_NULL_CONVERSION = YES;
				CLANG_WARN_OBJC_IMPLICIT_RETAIN_SELF = YES;
				CLANG_WARN_OBJC_LITERAL_CONVERSION = YES;
				CLANG_WARN_OBJC_ROOT_CLASS = YES_ERROR;
				CLANG_WARN_QUOTED_INCLUDE_IN_FRAMEWORK_HEADER = YES;
				CLANG_WARN_RANGE_LOOP_ANALYSIS = YES;
				CLANG_WARN_STRICT_PROTOTYPES = YES;
				CLANG_WARN_SUSPICIOUS_MOVE = YES;
				CLANG_WARN_UNGUARDED_AVAILABILITY = YES_AGGRESSIVE;
				CLANG_WARN_UNREACHABLE_CODE = YES;
				CLANG_WARN__DUPLICATE_METHOD_MATCH = YES;
				COPY_PHASE_STRIP = NO;
				DEBUG_INFORMATION_FORMAT = dwarf;
				ENABLE_STRICT_OBJC_MSGSEND = YES;
				ENABLE_TESTABILITY = YES;
				GCC_C_LANGUAGE_STANDARD = gnu11;
				GCC_DYNAMIC_NO_PIC = NO;
				GCC_NO_COMMON_BLOCKS = YES;
				GCC_OPTIMIZATION_LEVEL = 0;
				GCC_PREPROCESSOR_DEFINITIONS = (
					"DEBUG=1",
					"$(inherited)",
				);
				GCC_WARN_64_TO_32_BIT_CONVERSION = YES;
				GCC_WARN_ABOUT_RETURN_TYPE = YES_ERROR;
				GCC_WARN_UNDECLARED_SELECTOR = YES;
				GCC_WARN_UNINITIALIZED_AUTOS = YES_AGGRESSIVE;
				GCC_WARN_UNUSED_FUNCTION = YES;
				GCC_WARN_UNUSED_VARIABLE = YES;
				IPHONEOS_DEPLOYMENT_TARGET = 13.0;
				MTL_ENABLE_DEBUG_INFO = INCLUDE_SOURCE;
				MTL_FAST_MATH = YES;
				ONLY_ACTIVE_ARCH = YES;
				SDKROOT = iphoneos;
				SWIFT_ACTIVE_COMPILATION_CONDITIONS = DEBUG;
				SWIFT_OPTIMIZATION_LEVEL = "-Onone";
			};
			name = Debug;
		};
		843688CA24BCC0A800793B2B /* Release */ = {
			isa = XCBuildConfiguration;
			buildSettings = {
				ALWAYS_SEARCH_USER_PATHS = NO;
				CLANG_ANALYZER_LOCALIZABILITY_NONLOCALIZED = YES;
				CLANG_ANALYZER_NONNULL = YES;
				CLANG_ANALYZER_NUMBER_OBJECT_CONVERSION = YES_AGGRESSIVE;
				CLANG_CXX_LANGUAGE_STANDARD = "gnu++14";
				CLANG_CXX_LIBRARY = "libc++";
				CLANG_ENABLE_MODULES = YES;
				CLANG_ENABLE_OBJC_ARC = YES;
				CLANG_ENABLE_OBJC_WEAK = YES;
				CLANG_WARN_BLOCK_CAPTURE_AUTORELEASING = YES;
				CLANG_WARN_BOOL_CONVERSION = YES;
				CLANG_WARN_COMMA = YES;
				CLANG_WARN_CONSTANT_CONVERSION = YES;
				CLANG_WARN_DEPRECATED_OBJC_IMPLEMENTATIONS = YES;
				CLANG_WARN_DIRECT_OBJC_ISA_USAGE = YES_ERROR;
				CLANG_WARN_DOCUMENTATION_COMMENTS = YES;
				CLANG_WARN_EMPTY_BODY = YES;
				CLANG_WARN_ENUM_CONVERSION = YES;
				CLANG_WARN_INFINITE_RECURSION = YES;
				CLANG_WARN_INT_CONVERSION = YES;
				CLANG_WARN_NON_LITERAL_NULL_CONVERSION = YES;
				CLANG_WARN_OBJC_IMPLICIT_RETAIN_SELF = YES;
				CLANG_WARN_OBJC_LITERAL_CONVERSION = YES;
				CLANG_WARN_OBJC_ROOT_CLASS = YES_ERROR;
				CLANG_WARN_QUOTED_INCLUDE_IN_FRAMEWORK_HEADER = YES;
				CLANG_WARN_RANGE_LOOP_ANALYSIS = YES;
				CLANG_WARN_STRICT_PROTOTYPES = YES;
				CLANG_WARN_SUSPICIOUS_MOVE = YES;
				CLANG_WARN_UNGUARDED_AVAILABILITY = YES_AGGRESSIVE;
				CLANG_WARN_UNREACHABLE_CODE = YES;
				CLANG_WARN__DUPLICATE_METHOD_MATCH = YES;
				COPY_PHASE_STRIP = NO;
				DEBUG_INFORMATION_FORMAT = "dwarf-with-dsym";
				ENABLE_NS_ASSERTIONS = NO;
				ENABLE_STRICT_OBJC_MSGSEND = YES;
				GCC_C_LANGUAGE_STANDARD = gnu11;
				GCC_NO_COMMON_BLOCKS = YES;
				GCC_WARN_64_TO_32_BIT_CONVERSION = YES;
				GCC_WARN_ABOUT_RETURN_TYPE = YES_ERROR;
				GCC_WARN_UNDECLARED_SELECTOR = YES;
				GCC_WARN_UNINITIALIZED_AUTOS = YES_AGGRESSIVE;
				GCC_WARN_UNUSED_FUNCTION = YES;
				GCC_WARN_UNUSED_VARIABLE = YES;
				IPHONEOS_DEPLOYMENT_TARGET = 13.0;
				MTL_ENABLE_DEBUG_INFO = NO;
				MTL_FAST_MATH = YES;
				SDKROOT = iphoneos;
				SWIFT_COMPILATION_MODE = wholemodule;
				SWIFT_OPTIMIZATION_LEVEL = "-O";
				VALIDATE_PRODUCT = YES;
			};
			name = Release;
		};
		843688CC24BCC0A800793B2B /* Debug */ = {
			isa = XCBuildConfiguration;
			baseConfigurationReference = EF6C68EB6CEB36E0454ABD8C /* Pods-Dream Price.debug.xcconfig */;
			buildSettings = {
				ASSETCATALOG_COMPILER_APPICON_NAME = AppIconClassic;
				ASSETCATALOG_COMPILER_GLOBAL_ACCENT_COLOR_NAME = AccentColor;
				CODE_SIGN_STYLE = Automatic;
				DEVELOPMENT_TEAM = CBSKMU7MH4;
				INFOPLIST_FILE = "Dream Price/Info.plist";
				LD_RUNPATH_SEARCH_PATHS = (
					"$(inherited)",
					"@executable_path/Frameworks",
				);
				PRODUCT_BUNDLE_IDENTIFIER = "kostya.bunsberry.Dream-Price";
				PRODUCT_NAME = "$(TARGET_NAME)";
				SWIFT_VERSION = 5.0;
				TARGETED_DEVICE_FAMILY = 1;
			};
			name = Debug;
		};
		843688CD24BCC0A800793B2B /* Release */ = {
			isa = XCBuildConfiguration;
			baseConfigurationReference = DA964BD56361E3E20F7A72E2 /* Pods-Dream Price.release.xcconfig */;
			buildSettings = {
				ASSETCATALOG_COMPILER_APPICON_NAME = AppIconClassic;
				ASSETCATALOG_COMPILER_GLOBAL_ACCENT_COLOR_NAME = AccentColor;
				CODE_SIGN_STYLE = Automatic;
				DEVELOPMENT_TEAM = CBSKMU7MH4;
				INFOPLIST_FILE = "Dream Price/Info.plist";
				LD_RUNPATH_SEARCH_PATHS = (
					"$(inherited)",
					"@executable_path/Frameworks",
				);
				PRODUCT_BUNDLE_IDENTIFIER = "kostya.bunsberry.Dream-Price";
				PRODUCT_NAME = "$(TARGET_NAME)";
				SWIFT_VERSION = 5.0;
				TARGETED_DEVICE_FAMILY = 1;
			};
			name = Release;
		};
		84FD15BC24C61A25003CEF78 /* Debug */ = {
			isa = XCBuildConfiguration;
			buildSettings = {
				ALWAYS_EMBED_SWIFT_STANDARD_LIBRARIES = YES;
				ASSETCATALOG_COMPILER_APPICON_NAME = AppIconClassic;
				ASSETCATALOG_COMPILER_GLOBAL_ACCENT_COLOR_NAME = AccentColor;
				CODE_SIGN_STYLE = Automatic;
				DEVELOPMENT_TEAM = CBSKMU7MH4;
				IBSC_MODULE = Dream_Price_Companion_Extension;
				INFOPLIST_FILE = "Dream Price Companion/Info.plist";
				PRODUCT_BUNDLE_IDENTIFIER = "kostya.bunsberry.Dream-Price.watchkitapp";
				PRODUCT_NAME = "$(TARGET_NAME)";
				SDKROOT = watchos;
				SKIP_INSTALL = YES;
				SWIFT_VERSION = 5.0;
				TARGETED_DEVICE_FAMILY = 4;
				WATCHOS_DEPLOYMENT_TARGET = 5.0;
			};
			name = Debug;
		};
		84FD15BD24C61A25003CEF78 /* Release */ = {
			isa = XCBuildConfiguration;
			buildSettings = {
				ALWAYS_EMBED_SWIFT_STANDARD_LIBRARIES = YES;
				ASSETCATALOG_COMPILER_APPICON_NAME = AppIconClassic;
				ASSETCATALOG_COMPILER_GLOBAL_ACCENT_COLOR_NAME = AccentColor;
				CODE_SIGN_STYLE = Automatic;
				DEVELOPMENT_TEAM = CBSKMU7MH4;
				IBSC_MODULE = Dream_Price_Companion_Extension;
				INFOPLIST_FILE = "Dream Price Companion/Info.plist";
				PRODUCT_BUNDLE_IDENTIFIER = "kostya.bunsberry.Dream-Price.watchkitapp";
				PRODUCT_NAME = "$(TARGET_NAME)";
				SDKROOT = watchos;
				SKIP_INSTALL = YES;
				SWIFT_VERSION = 5.0;
				TARGETED_DEVICE_FAMILY = 4;
				WATCHOS_DEPLOYMENT_TARGET = 5.0;
			};
			name = Release;
		};
		84FD15BF24C61A25003CEF78 /* Debug */ = {
			isa = XCBuildConfiguration;
			buildSettings = {
				ASSETCATALOG_COMPILER_COMPLICATION_NAME = Complication;
				CODE_SIGN_STYLE = Automatic;
				DEVELOPMENT_TEAM = CBSKMU7MH4;
				INFOPLIST_FILE = "Dream Price Companion Extension/Info.plist";
				LD_RUNPATH_SEARCH_PATHS = (
					"$(inherited)",
					"@executable_path/Frameworks",
					"@executable_path/../../Frameworks",
				);
				PRODUCT_BUNDLE_IDENTIFIER = "kostya.bunsberry.Dream-Price.watchkitapp.watchkitextension";
				PRODUCT_NAME = "${TARGET_NAME}";
				SDKROOT = watchos;
				SKIP_INSTALL = YES;
				SWIFT_VERSION = 5.0;
				TARGETED_DEVICE_FAMILY = 4;
				WATCHOS_DEPLOYMENT_TARGET = 5.0;
			};
			name = Debug;
		};
		84FD15C024C61A25003CEF78 /* Release */ = {
			isa = XCBuildConfiguration;
			buildSettings = {
				ASSETCATALOG_COMPILER_COMPLICATION_NAME = Complication;
				CODE_SIGN_STYLE = Automatic;
				DEVELOPMENT_TEAM = CBSKMU7MH4;
				INFOPLIST_FILE = "Dream Price Companion Extension/Info.plist";
				LD_RUNPATH_SEARCH_PATHS = (
					"$(inherited)",
					"@executable_path/Frameworks",
					"@executable_path/../../Frameworks",
				);
				PRODUCT_BUNDLE_IDENTIFIER = "kostya.bunsberry.Dream-Price.watchkitapp.watchkitextension";
				PRODUCT_NAME = "${TARGET_NAME}";
				SDKROOT = watchos;
				SKIP_INSTALL = YES;
				SWIFT_VERSION = 5.0;
				TARGETED_DEVICE_FAMILY = 4;
				WATCHOS_DEPLOYMENT_TARGET = 5.0;
			};
			name = Release;
		};
/* End XCBuildConfiguration section */

/* Begin XCConfigurationList section */
		843688B224BCC0A500793B2B /* Build configuration list for PBXProject "Dream Price" */ = {
			isa = XCConfigurationList;
			buildConfigurations = (
				843688C924BCC0A800793B2B /* Debug */,
				843688CA24BCC0A800793B2B /* Release */,
			);
			defaultConfigurationIsVisible = 0;
			defaultConfigurationName = Release;
		};
		843688CB24BCC0A800793B2B /* Build configuration list for PBXNativeTarget "Dream Price" */ = {
			isa = XCConfigurationList;
			buildConfigurations = (
				843688CC24BCC0A800793B2B /* Debug */,
				843688CD24BCC0A800793B2B /* Release */,
			);
			defaultConfigurationIsVisible = 0;
			defaultConfigurationName = Release;
		};
		84FD15C124C61A25003CEF78 /* Build configuration list for PBXNativeTarget "Dream Price Companion Extension" */ = {
			isa = XCConfigurationList;
			buildConfigurations = (
				84FD15BF24C61A25003CEF78 /* Debug */,
				84FD15C024C61A25003CEF78 /* Release */,
			);
			defaultConfigurationIsVisible = 0;
			defaultConfigurationName = Release;
		};
		84FD15C224C61A25003CEF78 /* Build configuration list for PBXNativeTarget "Dream Price Companion" */ = {
			isa = XCConfigurationList;
			buildConfigurations = (
				84FD15BC24C61A25003CEF78 /* Debug */,
				84FD15BD24C61A25003CEF78 /* Release */,
			);
			defaultConfigurationIsVisible = 0;
			defaultConfigurationName = Release;
		};
/* End XCConfigurationList section */
	};
	rootObject = 843688AF24BCC0A500793B2B /* Project object */;
}
